
Microsoft Visual Studio Solution File, Format Version 12.00
# Visual Studio Version 17
VisualStudioVersion = 17.3.32804.467
MinimumVisualStudioVersion = 10.0.40219.1
Project("{9A19103F-16F7-4668-BE54-9A1E7A4F7556}") = "MultiProcessCommunicator", "MultiProcessCommunicator\MultiProcessCommunicator.csproj", "{EF44D3C4-A073-43F2-9B03-D1BB3FDC5B09}"
EndProject
Project("{FAE04EC0-301F-11D3-BF4B-00C04F79EFBC}") = "MultiProcessCommunicator.Spec", "MultiProcessCommunicator.Spec\MultiProcessCommunicator.Spec.csproj", "{50552AEC-862E-4B48-A38F-3CE78B9437AB}"
EndProject
Global
	GlobalSection(SolutionConfigurationPlatforms) = preSolution
		Debug|Any CPU = Debug|Any CPU
		Release|Any CPU = Release|Any CPU
	EndGlobalSection
	GlobalSection(ProjectConfigurationPlatforms) = postSolution
		{EF44D3C4-A073-43F2-9B03-D1BB3FDC5B09}.Debug|Any CPU.ActiveCfg = Debug|Any CPU
		{EF44D3C4-A073-43F2-9B03-D1BB3FDC5B09}.Debug|Any CPU.Build.0 = Debug|Any CPU
		{EF44D3C4-A073-43F2-9B03-D1BB3FDC5B09}.Release|Any CPU.ActiveCfg = Release|Any CPU
		{EF44D3C4-A073-43F2-9B03-D1BB3FDC5B09}.Release|Any CPU.Build.0 = Release|Any CPU
		{50552AEC-862E-4B48-A38F-3CE78B9437AB}.Debug|Any CPU.ActiveCfg = Debug|Any CPU
		{50552AEC-862E-4B48-A38F-3CE78B9437AB}.Debug|Any CPU.Build.0 = Debug|Any CPU
		{50552AEC-862E-4B48-A38F-3CE78B9437AB}.Release|Any CPU.ActiveCfg = Release|Any CPU
		{50552AEC-862E-4B48-A38F-3CE78B9437AB}.Release|Any CPU.Build.0 = Release|Any CPU
	EndGlobalSection
	GlobalSection(SolutionProperties) = preSolution
		HideSolutionNode = FALSE
	EndGlobalSection
	GlobalSection(ExtensibilityGlobals) = postSolution
		SolutionGuid = {71FB886D-6740-42BF-B4CD-8EAD629A92D0}
	EndGlobalSection
EndGlobal
